
Microsoft Visual Studio Solution File, Format Version 12.00
# Visual Studio Version 16
VisualStudioVersion = 16.0.30114.105
MinimumVisualStudioVersion = 10.0.40219.1
Project("{FAE04EC0-301F-11D3-BF4B-00C04F79EFBC}") = "Serilog.Sinks.Discord", "Serilog.Sinks.Discord\Serilog.Sinks.Discord.csproj", "{75A99291-13B9-4810-9876-6912A45FEFC5}"
EndProject
Project("{FAE04EC0-301F-11D3-BF4B-00C04F79EFBC}") = "Demo", "Demo\Demo.csproj", "{339BCD37-04A0-4863-B843-E71356E1BFA0}"
EndProject
Global
	GlobalSection(SolutionConfigurationPlatforms) = preSolution
		Debug|Any CPU = Debug|Any CPU
		Release|Any CPU = Release|Any CPU
	EndGlobalSection
	GlobalSection(SolutionProperties) = preSolution
		HideSolutionNode = FALSE
	EndGlobalSection
	GlobalSection(ProjectConfigurationPlatforms) = postSolution
		{75A99291-13B9-4810-9876-6912A45FEFC5}.Debug|Any CPU.ActiveCfg = Debug|Any CPU
		{75A99291-13B9-4810-9876-6912A45FEFC5}.Debug|Any CPU.Build.0 = Debug|Any CPU
		{75A99291-13B9-4810-9876-6912A45FEFC5}.Release|Any CPU.ActiveCfg = Release|Any CPU
		{75A99291-13B9-4810-9876-6912A45FEFC5}.Release|Any CPU.Build.0 = Release|Any CPU
		{339BCD37-04A0-4863-B843-E71356E1BFA0}.Debug|Any CPU.ActiveCfg = Debug|Any CPU
		{339BCD37-04A0-4863-B843-E71356E1BFA0}.Debug|Any CPU.Build.0 = Debug|Any CPU
		{339BCD37-04A0-4863-B843-E71356E1BFA0}.Release|Any CPU.ActiveCfg = Release|Any CPU
		{339BCD37-04A0-4863-B843-E71356E1BFA0}.Release|Any CPU.Build.0 = Release|Any CPU
	EndGlobalSection
EndGlobal
